
Microsoft Visual Studio Solution File, Format Version 12.00
# Visual Studio Version 17
VisualStudioVersion = 17.4.33213.308
MinimumVisualStudioVersion = 10.0.40219.1
Project("{FAE04EC0-301F-11D3-BF4B-00C04F79EFBC}") = "MvcMovie_ZA", "MvcMovie_ZA\MvcMovie_ZA.csproj", "{855DFF61-17FB-4CB8-84CB-AA7873933E56}"
EndProject
Global
	GlobalSection(SolutionConfigurationPlatforms) = preSolution
		Debug|Any CPU = Debug|Any CPU
		Release|Any CPU = Release|Any CPU
	EndGlobalSection
	GlobalSection(ProjectConfigurationPlatforms) = postSolution
		{855DFF61-17FB-4CB8-84CB-AA7873933E56}.Debug|Any CPU.ActiveCfg = Debug|Any CPU
		{855DFF61-17FB-4CB8-84CB-AA7873933E56}.Debug|Any CPU.Build.0 = Debug|Any CPU
		{855DFF61-17FB-4CB8-84CB-AA7873933E56}.Release|Any CPU.ActiveCfg = Release|Any CPU
		{855DFF61-17FB-4CB8-84CB-AA7873933E56}.Release|Any CPU.Build.0 = Release|Any CPU
	EndGlobalSection
	GlobalSection(SolutionProperties) = preSolution
		HideSolutionNode = FALSE
	EndGlobalSection
	GlobalSection(ExtensibilityGlobals) = postSolution
		SolutionGuid = {71516C53-F0F9-487C-8C40-CC7DCB2FB94D}
	EndGlobalSection
EndGlobal
